
Microsoft Visual Studio Solution File, Format Version 12.00
# Visual Studio 15
VisualStudioVersion = 15.0.27428.2002
MinimumVisualStudioVersion = 10.0.40219.1
Project("{FAE04EC0-301F-11D3-BF4B-00C04F79EFBC}") = "HybridHealthChecker", "HybridHealthChecker\HybridHealthChecker.csproj", "{C6DDD24F-36AA-4680-841E-EA435CF33D02}"
EndProject
Global
	GlobalSection(SolutionConfigurationPlatforms) = preSolution
		Debug|Any CPU = Debug|Any CPU
		Release|Any CPU = Release|Any CPU
	EndGlobalSection
	GlobalSection(ProjectConfigurationPlatforms) = postSolution
		{C6DDD24F-36AA-4680-841E-EA435CF33D02}.Debug|Any CPU.ActiveCfg = Debug|Any CPU
		{C6DDD24F-36AA-4680-841E-EA435CF33D02}.Debug|Any CPU.Build.0 = Debug|Any CPU
		{C6DDD24F-36AA-4680-841E-EA435CF33D02}.Release|Any CPU.ActiveCfg = Release|Any CPU
		{C6DDD24F-36AA-4680-841E-EA435CF33D02}.Release|Any CPU.Build.0 = Release|Any CPU
	EndGlobalSection
	GlobalSection(SolutionProperties) = preSolution
		HideSolutionNode = FALSE
	EndGlobalSection
	GlobalSection(ExtensibilityGlobals) = postSolution
		SolutionGuid = {0330141C-7D74-4CCA-B9CF-233D52711CAD}
	EndGlobalSection
EndGlobal
